
Microsoft Visual Studio Solution File, Format Version 12.00
# Visual Studio 14
VisualStudioVersion = 14.0.25123.0
MinimumVisualStudioVersion = 10.0.40219.1
Project("{FAE04EC0-301F-11D3-BF4B-00C04F79EFBC}") = "Rex.Common", "Rex\Rex.Common.csproj", "{ED25EB81-45AF-4745-A9FF-F9C154ADD7DF}"
EndProject
Project("{FAE04EC0-301F-11D3-BF4B-00C04F79EFBC}") = "Rex.UI", "Rex.UI\Rex.UI.csproj", "{2FC5FCAF-59C9-4270-BDAB-59ABB90CC503}"
EndProject
Project("{FAE04EC0-301F-11D3-BF4B-00C04F79EFBC}") = "Rex.Business", "Rex.Business\Rex.Business.csproj", "{25FE2207-39CE-4FD9-888C-4268A326538B}"
EndProject
Project("{FAE04EC0-301F-11D3-BF4B-00C04F79EFBC}") = "Rex.SqlServer", "Rex.SqlServer\Rex.SqlServer.csproj", "{C7C6D1FE-F574-4E37-A953-4F8D94579C1B}"
EndProject
Project("{FAE04EC0-301F-11D3-BF4B-00C04F79EFBC}") = "Rex.Test", "Rex.Test\Rex.Test.csproj", "{3C111A79-B154-4B0C-BE75-94833CFCF95C}"
EndProject
Global
	GlobalSection(SolutionConfigurationPlatforms) = preSolution
		Debug|Any CPU = Debug|Any CPU
		Release|Any CPU = Release|Any CPU
	EndGlobalSection
	GlobalSection(ProjectConfigurationPlatforms) = postSolution
		{ED25EB81-45AF-4745-A9FF-F9C154ADD7DF}.Debug|Any CPU.ActiveCfg = Debug|Any CPU
		{ED25EB81-45AF-4745-A9FF-F9C154ADD7DF}.Debug|Any CPU.Build.0 = Debug|Any CPU
		{ED25EB81-45AF-4745-A9FF-F9C154ADD7DF}.Release|Any CPU.ActiveCfg = Release|Any CPU
		{ED25EB81-45AF-4745-A9FF-F9C154ADD7DF}.Release|Any CPU.Build.0 = Release|Any CPU
		{2FC5FCAF-59C9-4270-BDAB-59ABB90CC503}.Debug|Any CPU.ActiveCfg = Debug|Any CPU
		{2FC5FCAF-59C9-4270-BDAB-59ABB90CC503}.Debug|Any CPU.Build.0 = Debug|Any CPU
		{2FC5FCAF-59C9-4270-BDAB-59ABB90CC503}.Release|Any CPU.ActiveCfg = Release|Any CPU
		{2FC5FCAF-59C9-4270-BDAB-59ABB90CC503}.Release|Any CPU.Build.0 = Release|Any CPU
		{25FE2207-39CE-4FD9-888C-4268A326538B}.Debug|Any CPU.ActiveCfg = Debug|Any CPU
		{25FE2207-39CE-4FD9-888C-4268A326538B}.Debug|Any CPU.Build.0 = Debug|Any CPU
		{25FE2207-39CE-4FD9-888C-4268A326538B}.Release|Any CPU.ActiveCfg = Release|Any CPU
		{25FE2207-39CE-4FD9-888C-4268A326538B}.Release|Any CPU.Build.0 = Release|Any CPU
		{C7C6D1FE-F574-4E37-A953-4F8D94579C1B}.Debug|Any CPU.ActiveCfg = Debug|Any CPU
		{C7C6D1FE-F574-4E37-A953-4F8D94579C1B}.Debug|Any CPU.Build.0 = Debug|Any CPU
		{C7C6D1FE-F574-4E37-A953-4F8D94579C1B}.Release|Any CPU.ActiveCfg = Release|Any CPU
		{C7C6D1FE-F574-4E37-A953-4F8D94579C1B}.Release|Any CPU.Build.0 = Release|Any CPU
		{3C111A79-B154-4B0C-BE75-94833CFCF95C}.Debug|Any CPU.ActiveCfg = Debug|Any CPU
		{3C111A79-B154-4B0C-BE75-94833CFCF95C}.Debug|Any CPU.Build.0 = Debug|Any CPU
		{3C111A79-B154-4B0C-BE75-94833CFCF95C}.Release|Any CPU.ActiveCfg = Release|Any CPU
		{3C111A79-B154-4B0C-BE75-94833CFCF95C}.Release|Any CPU.Build.0 = Release|Any CPU
	EndGlobalSection
	GlobalSection(SolutionProperties) = preSolution
		HideSolutionNode = FALSE
	EndGlobalSection
EndGlobal
